// !$*UTF8*$!
{
	archiveVersion = 1;
	classes = {
	};
	objectVersion = 56;
	objects = {

/* Begin PBXBuildFile section */
		1511CE3A2985249A001B836C /* GameState.swift in Sources */ = {isa = PBXBuildFile; fileRef = 1511CE392985249A001B836C /* GameState.swift */; };
		1511CE3C29852852001B836C /* GameModel.swift in Sources */ = {isa = PBXBuildFile; fileRef = 1511CE3B29852852001B836C /* GameModel.swift */; };
		15376313298530DC00B5CF93 /* GameSimulator.swift in Sources */ = {isa = PBXBuildFile; fileRef = 15376312298530DC00B5CF93 /* GameSimulator.swift */; };
		1597564029842DC90098A417 /* Team.swift in Sources */ = {isa = PBXBuildFile; fileRef = 1597563F29842DC90098A417 /* Team.swift */; };
		15B167B82982D6D8001655B2 /* LADISimulatorApp.swift in Sources */ = {isa = PBXBuildFile; fileRef = 15B167B72982D6D8001655B2 /* LADISimulatorApp.swift */; };
		15B167BA2982D6D8001655B2 /* GameView.swift in Sources */ = {isa = PBXBuildFile; fileRef = 15B167B92982D6D8001655B2 /* GameView.swift */; };
		15B167BC2982D6DA001655B2 /* Assets.xcassets in Resources */ = {isa = PBXBuildFile; fileRef = 15B167BB2982D6DA001655B2 /* Assets.xcassets */; };
		15B167BF2982D6DA001655B2 /* Preview Assets.xcassets in Resources */ = {isa = PBXBuildFile; fileRef = 15B167BE2982D6DA001655B2 /* Preview Assets.xcassets */; };
		15B167C92982D6DB001655B2 /* LADISimulatorTests.swift in Sources */ = {isa = PBXBuildFile; fileRef = 15B167C82982D6DB001655B2 /* LADISimulatorTests.swift */; };
		15B167D32982D6DB001655B2 /* LADISimulatorUITests.swift in Sources */ = {isa = PBXBuildFile; fileRef = 15B167D22982D6DB001655B2 /* LADISimulatorUITests.swift */; };
		15B167D52982D6DB001655B2 /* LADISimulatorUITestsLaunchTests.swift in Sources */ = {isa = PBXBuildFile; fileRef = 15B167D42982D6DB001655B2 /* LADISimulatorUITestsLaunchTests.swift */; };
/* End PBXBuildFile section */

/* Begin PBXContainerItemProxy section */
		15B167C52982D6DB001655B2 /* PBXContainerItemProxy */ = {
			isa = PBXContainerItemProxy;
			containerPortal = 15B167AC2982D6D8001655B2 /* Project object */;
			proxyType = 1;
			remoteGlobalIDString = 15B167B32982D6D8001655B2;
			remoteInfo = LADISimulator;
		};
		15B167CF2982D6DB001655B2 /* PBXContainerItemProxy */ = {
			isa = PBXContainerItemProxy;
			containerPortal = 15B167AC2982D6D8001655B2 /* Project object */;
			proxyType = 1;
			remoteGlobalIDString = 15B167B32982D6D8001655B2;
			remoteInfo = LADISimulator;
		};
/* End PBXContainerItemProxy section */

/* Begin PBXFileReference section */
		1511CE392985249A001B836C /* GameState.swift */ = {isa = PBXFileReference; lastKnownFileType = sourcecode.swift; path = GameState.swift; sourceTree = "<group>"; };
		1511CE3B29852852001B836C /* GameModel.swift */ = {isa = PBXFileReference; lastKnownFileType = sourcecode.swift; path = GameModel.swift; sourceTree = "<group>"; };
		15376312298530DC00B5CF93 /* GameSimulator.swift */ = {isa = PBXFileReference; lastKnownFileType = sourcecode.swift; path = GameSimulator.swift; sourceTree = "<group>"; };
		1597563F29842DC90098A417 /* Team.swift */ = {isa = PBXFileReference; lastKnownFileType = sourcecode.swift; path = Team.swift; sourceTree = "<group>"; };
		15B167B42982D6D8001655B2 /* LADISimulator.app */ = {isa = PBXFileReference; explicitFileType = wrapper.application; includeInIndex = 0; path = LADISimulator.app; sourceTree = BUILT_PRODUCTS_DIR; };
		15B167B72982D6D8001655B2 /* LADISimulatorApp.swift */ = {isa = PBXFileReference; lastKnownFileType = sourcecode.swift; path = LADISimulatorApp.swift; sourceTree = "<group>"; };
		15B167B92982D6D8001655B2 /* GameView.swift */ = {isa = PBXFileReference; lastKnownFileType = sourcecode.swift; path = GameView.swift; sourceTree = "<group>"; };
		15B167BB2982D6DA001655B2 /* Assets.xcassets */ = {isa = PBXFileReference; lastKnownFileType = folder.assetcatalog; path = Assets.xcassets; sourceTree = "<group>"; };
		15B167BE2982D6DA001655B2 /* Preview Assets.xcassets */ = {isa = PBXFileReference; lastKnownFileType = folder.assetcatalog; path = "Preview Assets.xcassets"; sourceTree = "<group>"; };
		15B167C42982D6DB001655B2 /* LADISimulatorTests.xctest */ = {isa = PBXFileReference; explicitFileType = wrapper.cfbundle; includeInIndex = 0; path = LADISimulatorTests.xctest; sourceTree = BUILT_PRODUCTS_DIR; };
		15B167C82982D6DB001655B2 /* LADISimulatorTests.swift */ = {isa = PBXFileReference; lastKnownFileType = sourcecode.swift; path = LADISimulatorTests.swift; sourceTree = "<group>"; };
		15B167CE2982D6DB001655B2 /* LADISimulatorUITests.xctest */ = {isa = PBXFileReference; explicitFileType = wrapper.cfbundle; includeInIndex = 0; path = LADISimulatorUITests.xctest; sourceTree = BUILT_PRODUCTS_DIR; };
		15B167D22982D6DB001655B2 /* LADISimulatorUITests.swift */ = {isa = PBXFileReference; lastKnownFileType = sourcecode.swift; path = LADISimulatorUITests.swift; sourceTree = "<group>"; };
		15B167D42982D6DB001655B2 /* LADISimulatorUITestsLaunchTests.swift */ = {isa = PBXFileReference; lastKnownFileType = sourcecode.swift; path = LADISimulatorUITestsLaunchTests.swift; sourceTree = "<group>"; };
		15B167E12982D701001655B2 /* README.md */ = {isa = PBXFileReference; lastKnownFileType = net.daringfireball.markdown; path = README.md; sourceTree = "<group>"; };
/* End PBXFileReference section */

/* Begin PBXFrameworksBuildPhase section */
		15B167B12982D6D8001655B2 /* Frameworks */ = {
			isa = PBXFrameworksBuildPhase;
			buildActionMask = 2147483647;
			files = (
			);
			runOnlyForDeploymentPostprocessing = 0;
		};
		15B167C12982D6DB001655B2 /* Frameworks */ = {
			isa = PBXFrameworksBuildPhase;
			buildActionMask = 2147483647;
			files = (
			);
			runOnlyForDeploymentPostprocessing = 0;
		};
		15B167CB2982D6DB001655B2 /* Frameworks */ = {
			isa = PBXFrameworksBuildPhase;
			buildActionMask = 2147483647;
			files = (
			);
			runOnlyForDeploymentPostprocessing = 0;
		};
/* End PBXFrameworksBuildPhase section */

/* Begin PBXGroup section */
		1511CE3D298529B7001B836C /* Protocols */ = {
			isa = PBXGroup;
			children = (
			);
			path = Protocols;
			sourceTree = "<group>";
		};
		1597563D29842A780098A417 /* Model */ = {
			isa = PBXGroup;
			children = (
				1511CE3B29852852001B836C /* GameModel.swift */,
				15376312298530DC00B5CF93 /* GameSimulator.swift */,
				1511CE392985249A001B836C /* GameState.swift */,
				1597563F29842DC90098A417 /* Team.swift */,
			);
			path = Model;
			sourceTree = "<group>";
		};
		1597563E29842A8D0098A417 /* CustomViews */ = {
			isa = PBXGroup;
			children = (
			);
			path = CustomViews;
			sourceTree = "<group>";
		};
		15B167AB2982D6D8001655B2 = {
			isa = PBXGroup;
			children = (
				15B167E12982D701001655B2 /* README.md */,
				15B167B62982D6D8001655B2 /* LADISimulator */,
				15B167C72982D6DB001655B2 /* LADISimulatorTests */,
				15B167D12982D6DB001655B2 /* LADISimulatorUITests */,
				15B167B52982D6D8001655B2 /* Products */,
			);
			sourceTree = "<group>";
		};
		15B167B52982D6D8001655B2 /* Products */ = {
			isa = PBXGroup;
			children = (
				15B167B42982D6D8001655B2 /* LADISimulator.app */,
				15B167C42982D6DB001655B2 /* LADISimulatorTests.xctest */,
				15B167CE2982D6DB001655B2 /* LADISimulatorUITests.xctest */,
			);
			name = Products;
			sourceTree = "<group>";
		};
		15B167B62982D6D8001655B2 /* LADISimulator */ = {
			isa = PBXGroup;
			children = (
				15B167B72982D6D8001655B2 /* LADISimulatorApp.swift */,
				15B167B92982D6D8001655B2 /* GameView.swift */,
				1597563D29842A780098A417 /* Model */,
				1597563E29842A8D0098A417 /* CustomViews */,
				1511CE3D298529B7001B836C /* Protocols */,
				15B167BB2982D6DA001655B2 /* Assets.xcassets */,
				15B167BD2982D6DA001655B2 /* Preview Content */,
			);
			path = LADISimulator;
			sourceTree = "<group>";
		};
		15B167BD2982D6DA001655B2 /* Preview Content */ = {
			isa = PBXGroup;
			children = (
				15B167BE2982D6DA001655B2 /* Preview Assets.xcassets */,
			);
			path = "Preview Content";
			sourceTree = "<group>";
		};
		15B167C72982D6DB001655B2 /* LADISimulatorTests */ = {
			isa = PBXGroup;
			children = (
				15B167C82982D6DB001655B2 /* LADISimulatorTests.swift */,
			);
			path = LADISimulatorTests;
			sourceTree = "<group>";
		};
		15B167D12982D6DB001655B2 /* LADISimulatorUITests */ = {
			isa = PBXGroup;
			children = (
				15B167D22982D6DB001655B2 /* LADISimulatorUITests.swift */,
				15B167D42982D6DB001655B2 /* LADISimulatorUITestsLaunchTests.swift */,
			);
			path = LADISimulatorUITests;
			sourceTree = "<group>";
		};
/* End PBXGroup section */

/* Begin PBXNativeTarget section */
		15B167B32982D6D8001655B2 /* LADISimulator */ = {
			isa = PBXNativeTarget;
			buildConfigurationList = 15B167D82982D6DB001655B2 /* Build configuration list for PBXNativeTarget "LADISimulator" */;
			buildPhases = (
				15B167B02982D6D8001655B2 /* Sources */,
				15B167B12982D6D8001655B2 /* Frameworks */,
				15B167B22982D6D8001655B2 /* Resources */,
			);
			buildRules = (
			);
			dependencies = (
			);
			name = LADISimulator;
			productName = LADISimulator;
			productReference = 15B167B42982D6D8001655B2 /* LADISimulator.app */;
			productType = "com.apple.product-type.application";
		};
		15B167C32982D6DB001655B2 /* LADISimulatorTests */ = {
			isa = PBXNativeTarget;
			buildConfigurationList = 15B167DB2982D6DB001655B2 /* Build configuration list for PBXNativeTarget "LADISimulatorTests" */;
			buildPhases = (
				15B167C02982D6DB001655B2 /* Sources */,
				15B167C12982D6DB001655B2 /* Frameworks */,
				15B167C22982D6DB001655B2 /* Resources */,
			);
			buildRules = (
			);
			dependencies = (
				15B167C62982D6DB001655B2 /* PBXTargetDependency */,
			);
			name = LADISimulatorTests;
			productName = LADISimulatorTests;
			productReference = 15B167C42982D6DB001655B2 /* LADISimulatorTests.xctest */;
			productType = "com.apple.product-type.bundle.unit-test";
		};
		15B167CD2982D6DB001655B2 /* LADISimulatorUITests */ = {
			isa = PBXNativeTarget;
			buildConfigurationList = 15B167DE2982D6DB001655B2 /* Build configuration list for PBXNativeTarget "LADISimulatorUITests" */;
			buildPhases = (
				15B167CA2982D6DB001655B2 /* Sources */,
				15B167CB2982D6DB001655B2 /* Frameworks */,
				15B167CC2982D6DB001655B2 /* Resources */,
			);
			buildRules = (
			);
			dependencies = (
				15B167D02982D6DB001655B2 /* PBXTargetDependency */,
			);
			name = LADISimulatorUITests;
			productName = LADISimulatorUITests;
			productReference = 15B167CE2982D6DB001655B2 /* LADISimulatorUITests.xctest */;
			productType = "com.apple.product-type.bundle.ui-testing";
		};
/* End PBXNativeTarget section */

/* Begin PBXProject section */
		15B167AC2982D6D8001655B2 /* Project object */ = {
			isa = PBXProject;
			attributes = {
				BuildIndependentTargetsInParallel = 1;
				LastSwiftUpdateCheck = 1420;
				LastUpgradeCheck = 1420;
				TargetAttributes = {
					15B167B32982D6D8001655B2 = {
						CreatedOnToolsVersion = 14.2;
					};
					15B167C32982D6DB001655B2 = {
						CreatedOnToolsVersion = 14.2;
						TestTargetID = 15B167B32982D6D8001655B2;
					};
					15B167CD2982D6DB001655B2 = {
						CreatedOnToolsVersion = 14.2;
						TestTargetID = 15B167B32982D6D8001655B2;
					};
				};
			};
			buildConfigurationList = 15B167AF2982D6D8001655B2 /* Build configuration list for PBXProject "LADISimulator" */;
			compatibilityVersion = "Xcode 14.0";
			developmentRegion = en;
			hasScannedForEncodings = 0;
			knownRegions = (
				en,
				Base,
			);
			mainGroup = 15B167AB2982D6D8001655B2;
			productRefGroup = 15B167B52982D6D8001655B2 /* Products */;
			projectDirPath = "";
			projectRoot = "";
			targets = (
				15B167B32982D6D8001655B2 /* LADISimulator */,
				15B167C32982D6DB001655B2 /* LADISimulatorTests */,
				15B167CD2982D6DB001655B2 /* LADISimulatorUITests */,
			);
		};
/* End PBXProject section */

/* Begin PBXResourcesBuildPhase section */
		15B167B22982D6D8001655B2 /* Resources */ = {
			isa = PBXResourcesBuildPhase;
			buildActionMask = 2147483647;
			files = (
				15B167BF2982D6DA001655B2 /* Preview Assets.xcassets in Resources */,
				15B167BC2982D6DA001655B2 /* Assets.xcassets in Resources */,
			);
			runOnlyForDeploymentPostprocessing = 0;
		};
		15B167C22982D6DB001655B2 /* Resources */ = {
			isa = PBXResourcesBuildPhase;
			buildActionMask = 2147483647;
			files = (
			);
			runOnlyForDeploymentPostprocessing = 0;
		};
		15B167CC2982D6DB001655B2 /* Resources */ = {
			isa = PBXResourcesBuildPhase;
			buildActionMask = 2147483647;
			files = (
			);
			runOnlyForDeploymentPostprocessing = 0;
		};
/* End PBXResourcesBuildPhase section */

/* Begin PBXSourcesBuildPhase section */
		15B167B02982D6D8001655B2 /* Sources */ = {
			isa = PBXSourcesBuildPhase;
			buildActionMask = 2147483647;
			files = (
				1511CE3C29852852001B836C /* GameModel.swift in Sources */,
				1597564029842DC90098A417 /* Team.swift in Sources */,
				1511CE3A2985249A001B836C /* GameState.swift in Sources */,
				15B167BA2982D6D8001655B2 /* GameView.swift in Sources */,
				15376313298530DC00B5CF93 /* GameSimulator.swift in Sources */,
				15B167B82982D6D8001655B2 /* LADISimulatorApp.swift in Sources */,
			);
			runOnlyForDeploymentPostprocessing = 0;
		};
		15B167C02982D6DB001655B2 /* Sources */ = {
			isa = PBXSourcesBuildPhase;
			buildActionMask = 2147483647;
			files = (
				15B167C92982D6DB001655B2 /* LADISimulatorTests.swift in Sources */,
			);
			runOnlyForDeploymentPostprocessing = 0;
		};
		15B167CA2982D6DB001655B2 /* Sources */ = {
			isa = PBXSourcesBuildPhase;
			buildActionMask = 2147483647;
			files = (
				15B167D32982D6DB001655B2 /* LADISimulatorUITests.swift in Sources */,
				15B167D52982D6DB001655B2 /* LADISimulatorUITestsLaunchTests.swift in Sources */,
			);
			runOnlyForDeploymentPostprocessing = 0;
		};
/* End PBXSourcesBuildPhase section */

/* Begin PBXTargetDependency section */
		15B167C62982D6DB001655B2 /* PBXTargetDependency */ = {
			isa = PBXTargetDependency;
			target = 15B167B32982D6D8001655B2 /* LADISimulator */;
			targetProxy = 15B167C52982D6DB001655B2 /* PBXContainerItemProxy */;
		};
		15B167D02982D6DB001655B2 /* PBXTargetDependency */ = {
			isa = PBXTargetDependency;
			target = 15B167B32982D6D8001655B2 /* LADISimulator */;
			targetProxy = 15B167CF2982D6DB001655B2 /* PBXContainerItemProxy */;
		};
/* End PBXTargetDependency section */

/* Begin XCBuildConfiguration section */
		15B167D62982D6DB001655B2 /* Debug */ = {
			isa = XCBuildConfiguration;
			buildSettings = {
				ALWAYS_SEARCH_USER_PATHS = NO;
				CLANG_ANALYZER_NONNULL = YES;
				CLANG_ANALYZER_NUMBER_OBJECT_CONVERSION = YES_AGGRESSIVE;
				CLANG_CXX_LANGUAGE_STANDARD = "gnu++20";
				CLANG_ENABLE_MODULES = YES;
				CLANG_ENABLE_OBJC_ARC = YES;
				CLANG_ENABLE_OBJC_WEAK = YES;
				CLANG_WARN_BLOCK_CAPTURE_AUTORELEASING = YES;
				CLANG_WARN_BOOL_CONVERSION = YES;
				CLANG_WARN_COMMA = YES;
				CLANG_WARN_CONSTANT_CONVERSION = YES;
				CLANG_WARN_DEPRECATED_OBJC_IMPLEMENTATIONS = YES;
				CLANG_WARN_DIRECT_OBJC_ISA_USAGE = YES_ERROR;
				CLANG_WARN_DOCUMENTATION_COMMENTS = YES;
				CLANG_WARN_EMPTY_BODY = YES;
				CLANG_WARN_ENUM_CONVERSION = YES;
				CLANG_WARN_INFINITE_RECURSION = YES;
				CLANG_WARN_INT_CONVERSION = YES;
				CLANG_WARN_NON_LITERAL_NULL_CONVERSION = YES;
				CLANG_WARN_OBJC_IMPLICIT_RETAIN_SELF = YES;
				CLANG_WARN_OBJC_LITERAL_CONVERSION = YES;
				CLANG_WARN_OBJC_ROOT_CLASS = YES_ERROR;
				CLANG_WARN_QUOTED_INCLUDE_IN_FRAMEWORK_HEADER = YES;
				CLANG_WARN_RANGE_LOOP_ANALYSIS = YES;
				CLANG_WARN_STRICT_PROTOTYPES = YES;
				CLANG_WARN_SUSPICIOUS_MOVE = YES;
				CLANG_WARN_UNGUARDED_AVAILABILITY = YES_AGGRESSIVE;
				CLANG_WARN_UNREACHABLE_CODE = YES;
				CLANG_WARN__DUPLICATE_METHOD_MATCH = YES;
				COPY_PHASE_STRIP = NO;
				DEBUG_INFORMATION_FORMAT = dwarf;
				ENABLE_STRICT_OBJC_MSGSEND = YES;
				ENABLE_TESTABILITY = YES;
				GCC_C_LANGUAGE_STANDARD = gnu11;
				GCC_DYNAMIC_NO_PIC = NO;
				GCC_NO_COMMON_BLOCKS = YES;
				GCC_OPTIMIZATION_LEVEL = 0;
				GCC_PREPROCESSOR_DEFINITIONS = (
					"DEBUG=1",
					"$(inherited)",
				);
				GCC_WARN_64_TO_32_BIT_CONVERSION = YES;
				GCC_WARN_ABOUT_RETURN_TYPE = YES_ERROR;
				GCC_WARN_UNDECLARED_SELECTOR = YES;
				GCC_WARN_UNINITIALIZED_AUTOS = YES_AGGRESSIVE;
				GCC_WARN_UNUSED_FUNCTION = YES;
				GCC_WARN_UNUSED_VARIABLE = YES;
				IPHONEOS_DEPLOYMENT_TARGET = 16.2;
				MTL_ENABLE_DEBUG_INFO = INCLUDE_SOURCE;
				MTL_FAST_MATH = YES;
				ONLY_ACTIVE_ARCH = YES;
				SDKROOT = iphoneos;
				SWIFT_ACTIVE_COMPILATION_CONDITIONS = DEBUG;
				SWIFT_OPTIMIZATION_LEVEL = "-Onone";
			};
			name = Debug;
		};
		15B167D72982D6DB001655B2 /* Release */ = {
			isa = XCBuildConfiguration;
			buildSettings = {
				ALWAYS_SEARCH_USER_PATHS = NO;
				CLANG_ANALYZER_NONNULL = YES;
				CLANG_ANALYZER_NUMBER_OBJECT_CONVERSION = YES_AGGRESSIVE;
				CLANG_CXX_LANGUAGE_STANDARD = "gnu++20";
				CLANG_ENABLE_MODULES = YES;
				CLANG_ENABLE_OBJC_ARC = YES;
				CLANG_ENABLE_OBJC_WEAK = YES;
				CLANG_WARN_BLOCK_CAPTURE_AUTORELEASING = YES;
				CLANG_WARN_BOOL_CONVERSION = YES;
				CLANG_WARN_COMMA = YES;
				CLANG_WARN_CONSTANT_CONVERSION = YES;
				CLANG_WARN_DEPRECATED_OBJC_IMPLEMENTATIONS = YES;
				CLANG_WARN_DIRECT_OBJC_ISA_USAGE = YES_ERROR;
				CLANG_WARN_DOCUMENTATION_COMMENTS = YES;
				CLANG_WARN_EMPTY_BODY = YES;
				CLANG_WARN_ENUM_CONVERSION = YES;
				CLANG_WARN_INFINITE_RECURSION = YES;
				CLANG_WARN_INT_CONVERSION = YES;
				CLANG_WARN_NON_LITERAL_NULL_CONVERSION = YES;
				CLANG_WARN_OBJC_IMPLICIT_RETAIN_SELF = YES;
				CLANG_WARN_OBJC_LITERAL_CONVERSION = YES;
				CLANG_WARN_OBJC_ROOT_CLASS = YES_ERROR;
				CLANG_WARN_QUOTED_INCLUDE_IN_FRAMEWORK_HEADER = YES;
				CLANG_WARN_RANGE_LOOP_ANALYSIS = YES;
				CLANG_WARN_STRICT_PROTOTYPES = YES;
				CLANG_WARN_SUSPICIOUS_MOVE = YES;
				CLANG_WARN_UNGUARDED_AVAILABILITY = YES_AGGRESSIVE;
				CLANG_WARN_UNREACHABLE_CODE = YES;
				CLANG_WARN__DUPLICATE_METHOD_MATCH = YES;
				COPY_PHASE_STRIP = NO;
				DEBUG_INFORMATION_FORMAT = "dwarf-with-dsym";
				ENABLE_NS_ASSERTIONS = NO;
				ENABLE_STRICT_OBJC_MSGSEND = YES;
				GCC_C_LANGUAGE_STANDARD = gnu11;
				GCC_NO_COMMON_BLOCKS = YES;
				GCC_WARN_64_TO_32_BIT_CONVERSION = YES;
				GCC_WARN_ABOUT_RETURN_TYPE = YES_ERROR;
				GCC_WARN_UNDECLARED_SELECTOR = YES;
				GCC_WARN_UNINITIALIZED_AUTOS = YES_AGGRESSIVE;
				GCC_WARN_UNUSED_FUNCTION = YES;
				GCC_WARN_UNUSED_VARIABLE = YES;
				IPHONEOS_DEPLOYMENT_TARGET = 16.2;
				MTL_ENABLE_DEBUG_INFO = NO;
				MTL_FAST_MATH = YES;
				SDKROOT = iphoneos;
				SWIFT_COMPILATION_MODE = wholemodule;
				SWIFT_OPTIMIZATION_LEVEL = "-O";
				VALIDATE_PRODUCT = YES;
			};
			name = Release;
		};
		15B167D92982D6DB001655B2 /* Debug */ = {
			isa = XCBuildConfiguration;
			buildSettings = {
				ASSETCATALOG_COMPILER_APPICON_NAME = AppIcon;
				ASSETCATALOG_COMPILER_GLOBAL_ACCENT_COLOR_NAME = AccentColor;
				CODE_SIGN_STYLE = Automatic;
				CURRENT_PROJECT_VERSION = 1;
				DEVELOPMENT_ASSET_PATHS = "\"LADISimulator/Preview Content\"";
				DEVELOPMENT_TEAM = XLY4UW5GHZ;
				ENABLE_PREVIEWS = YES;
				GENERATE_INFOPLIST_FILE = YES;
				INFOPLIST_KEY_UIApplicationSceneManifest_Generation = YES;
				INFOPLIST_KEY_UIApplicationSupportsIndirectInputEvents = YES;
				INFOPLIST_KEY_UILaunchScreen_Generation = YES;
				INFOPLIST_KEY_UISupportedInterfaceOrientations = UIInterfaceOrientationPortrait;
				LD_RUNPATH_SEARCH_PATHS = (
					"$(inherited)",
					"@executable_path/Frameworks",
				);
				MARKETING_VERSION = 1.0;
				PRODUCT_BUNDLE_IDENTIFIER = dev.simonberner.LADISimulator;
				PRODUCT_NAME = "$(TARGET_NAME)";
				SUPPORTED_PLATFORMS = "iphoneos iphonesimulator";
				SUPPORTS_MACCATALYST = NO;
				SUPPORTS_MAC_DESIGNED_FOR_IPHONE_IPAD = NO;
				SWIFT_EMIT_LOC_STRINGS = YES;
				SWIFT_VERSION = 5.0;
				TARGETED_DEVICE_FAMILY = 1;
			};
			name = Debug;
		};
		15B167DA2982D6DB001655B2 /* Release */ = {
			isa = XCBuildConfiguration;
			buildSettings = {
				ASSETCATALOG_COMPILER_APPICON_NAME = AppIcon;
				ASSETCATALOG_COMPILER_GLOBAL_ACCENT_COLOR_NAME = AccentColor;
				CODE_SIGN_STYLE = Automatic;
				CURRENT_PROJECT_VERSION = 1;
				DEVELOPMENT_ASSET_PATHS = "\"LADISimulator/Preview Content\"";
				DEVELOPMENT_TEAM = XLY4UW5GHZ;
				ENABLE_PREVIEWS = YES;
				GENERATE_INFOPLIST_FILE = YES;
				INFOPLIST_KEY_UIApplicationSceneManifest_Generation = YES;
				INFOPLIST_KEY_UIApplicationSupportsIndirectInputEvents = YES;
				INFOPLIST_KEY_UILaunchScreen_Generation = YES;
				INFOPLIST_KEY_UISupportedInterfaceOrientations = UIInterfaceOrientationPortrait;
				LD_RUNPATH_SEARCH_PATHS = (
					"$(inherited)",
					"@executable_path/Frameworks",
				);
				MARKETING_VERSION = 1.0;
				PRODUCT_BUNDLE_IDENTIFIER = dev.simonberner.LADISimulator;
				PRODUCT_NAME = "$(TARGET_NAME)";
				SUPPORTED_PLATFORMS = "iphoneos iphonesimulator";
				SUPPORTS_MACCATALYST = NO;
				SUPPORTS_MAC_DESIGNED_FOR_IPHONE_IPAD = NO;
				SWIFT_EMIT_LOC_STRINGS = YES;
				SWIFT_VERSION = 5.0;
				TARGETED_DEVICE_FAMILY = 1;
			};
			name = Release;
		};
		15B167DC2982D6DB001655B2 /* Debug */ = {
			isa = XCBuildConfiguration;
			buildSettings = {
				ALWAYS_EMBED_SWIFT_STANDARD_LIBRARIES = YES;
				BUNDLE_LOADER = "$(TEST_HOST)";
				CODE_SIGN_STYLE = Automatic;
				CURRENT_PROJECT_VERSION = 1;
				DEVELOPMENT_TEAM = XLY4UW5GHZ;
				GENERATE_INFOPLIST_FILE = YES;
				IPHONEOS_DEPLOYMENT_TARGET = 16.2;
				MARKETING_VERSION = 1.0;
				PRODUCT_BUNDLE_IDENTIFIER = dev.simonberner.LADISimulatorTests;
				PRODUCT_NAME = "$(TARGET_NAME)";
				SUPPORTED_PLATFORMS = "iphoneos iphonesimulator";
				SUPPORTS_MACCATALYST = NO;
				SUPPORTS_MAC_DESIGNED_FOR_IPHONE_IPAD = NO;
				SWIFT_EMIT_LOC_STRINGS = NO;
				SWIFT_VERSION = 5.0;
				TARGETED_DEVICE_FAMILY = 1;
				TEST_HOST = "$(BUILT_PRODUCTS_DIR)/LADISimulator.app/$(BUNDLE_EXECUTABLE_FOLDER_PATH)/LADISimulator";
			};
			name = Debug;
		};
		15B167DD2982D6DB001655B2 /* Release */ = {
			isa = XCBuildConfiguration;
			buildSettings = {
				ALWAYS_EMBED_SWIFT_STANDARD_LIBRARIES = YES;
				BUNDLE_LOADER = "$(TEST_HOST)";
				CODE_SIGN_STYLE = Automatic;
				CURRENT_PROJECT_VERSION = 1;
				DEVELOPMENT_TEAM = XLY4UW5GHZ;
				GENERATE_INFOPLIST_FILE = YES;
				IPHONEOS_DEPLOYMENT_TARGET = 16.2;
				MARKETING_VERSION = 1.0;
				PRODUCT_BUNDLE_IDENTIFIER = dev.simonberner.LADISimulatorTests;
				PRODUCT_NAME = "$(TARGET_NAME)";
				SUPPORTED_PLATFORMS = "iphoneos iphonesimulator";
				SUPPORTS_MACCATALYST = NO;
				SUPPORTS_MAC_DESIGNED_FOR_IPHONE_IPAD = NO;
				SWIFT_EMIT_LOC_STRINGS = NO;
				SWIFT_VERSION = 5.0;
				TARGETED_DEVICE_FAMILY = 1;
				TEST_HOST = "$(BUILT_PRODUCTS_DIR)/LADISimulator.app/$(BUNDLE_EXECUTABLE_FOLDER_PATH)/LADISimulator";
			};
			name = Release;
		};
		15B167DF2982D6DB001655B2 /* Debug */ = {
			isa = XCBuildConfiguration;
			buildSettings = {
				ALWAYS_EMBED_SWIFT_STANDARD_LIBRARIES = YES;
				CODE_SIGN_STYLE = Automatic;
				CURRENT_PROJECT_VERSION = 1;
				DEVELOPMENT_TEAM = XLY4UW5GHZ;
				GENERATE_INFOPLIST_FILE = YES;
				MARKETING_VERSION = 1.0;
				PRODUCT_BUNDLE_IDENTIFIER = dev.simonberner.LADISimulatorUITests;
				PRODUCT_NAME = "$(TARGET_NAME)";
				SUPPORTED_PLATFORMS = "iphoneos iphonesimulator";
				SUPPORTS_MACCATALYST = NO;
				SUPPORTS_MAC_DESIGNED_FOR_IPHONE_IPAD = NO;
				SWIFT_EMIT_LOC_STRINGS = NO;
				SWIFT_VERSION = 5.0;
				TARGETED_DEVICE_FAMILY = 1;
				TEST_TARGET_NAME = LADISimulator;
			};
			name = Debug;
		};
		15B167E02982D6DB001655B2 /* Release */ = {
			isa = XCBuildConfiguration;
			buildSettings = {
				ALWAYS_EMBED_SWIFT_STANDARD_LIBRARIES = YES;
				CODE_SIGN_STYLE = Automatic;
				CURRENT_PROJECT_VERSION = 1;
				DEVELOPMENT_TEAM = XLY4UW5GHZ;
				GENERATE_INFOPLIST_FILE = YES;
				MARKETING_VERSION = 1.0;
				PRODUCT_BUNDLE_IDENTIFIER = dev.simonberner.LADISimulatorUITests;
				PRODUCT_NAME = "$(TARGET_NAME)";
				SUPPORTED_PLATFORMS = "iphoneos iphonesimulator";
				SUPPORTS_MACCATALYST = NO;
				SUPPORTS_MAC_DESIGNED_FOR_IPHONE_IPAD = NO;
				SWIFT_EMIT_LOC_STRINGS = NO;
				SWIFT_VERSION = 5.0;
				TARGETED_DEVICE_FAMILY = 1;
				TEST_TARGET_NAME = LADISimulator;
			};
			name = Release;
		};
/* End XCBuildConfiguration section */

/* Begin XCConfigurationList section */
		15B167AF2982D6D8001655B2 /* Build configuration list for PBXProject "LADISimulator" */ = {
			isa = XCConfigurationList;
			buildConfigurations = (
				15B167D62982D6DB001655B2 /* Debug */,
				15B167D72982D6DB001655B2 /* Release */,
			);
			defaultConfigurationIsVisible = 0;
			defaultConfigurationName = Release;
		};
		15B167D82982D6DB001655B2 /* Build configuration list for PBXNativeTarget "LADISimulator" */ = {
			isa = XCConfigurationList;
			buildConfigurations = (
				15B167D92982D6DB001655B2 /* Debug */,
				15B167DA2982D6DB001655B2 /* Release */,
			);
			defaultConfigurationIsVisible = 0;
			defaultConfigurationName = Release;
		};
		15B167DB2982D6DB001655B2 /* Build configuration list for PBXNativeTarget "LADISimulatorTests" */ = {
			isa = XCConfigurationList;
			buildConfigurations = (
				15B167DC2982D6DB001655B2 /* Debug */,
				15B167DD2982D6DB001655B2 /* Release */,
			);
			defaultConfigurationIsVisible = 0;
			defaultConfigurationName = Release;
		};
		15B167DE2982D6DB001655B2 /* Build configuration list for PBXNativeTarget "LADISimulatorUITests" */ = {
			isa = XCConfigurationList;
			buildConfigurations = (
				15B167DF2982D6DB001655B2 /* Debug */,
				15B167E02982D6DB001655B2 /* Release */,
			);
			defaultConfigurationIsVisible = 0;
			defaultConfigurationName = Release;
		};
/* End XCConfigurationList section */
	};
	rootObject = 15B167AC2982D6D8001655B2 /* Project object */;
}
